
Microsoft Visual Studio Solution File, Format Version 12.00
# Visual Studio Version 16
VisualStudioVersion = 16.0.30330.147
MinimumVisualStudioVersion = 10.0.40219.1
Project("{FAE04EC0-301F-11D3-BF4B-00C04F79EFBC}") = "VideoCutter", "VideoCutter.csproj", "{74F722F3-B59C-4297-AB1D-FD31FF421664}"
EndProject
Global
	GlobalSection(SolutionConfigurationPlatforms) = preSolution
		Debug|Any CPU = Debug|Any CPU
		Release|Any CPU = Release|Any CPU
	EndGlobalSection
	GlobalSection(ProjectConfigurationPlatforms) = postSolution
		{74F722F3-B59C-4297-AB1D-FD31FF421664}.Debug|Any CPU.ActiveCfg = Debug|Any CPU
		{74F722F3-B59C-4297-AB1D-FD31FF421664}.Debug|Any CPU.Build.0 = Debug|Any CPU
		{74F722F3-B59C-4297-AB1D-FD31FF421664}.Release|Any CPU.ActiveCfg = Release|Any CPU
		{74F722F3-B59C-4297-AB1D-FD31FF421664}.Release|Any CPU.Build.0 = Release|Any CPU
	EndGlobalSection
	GlobalSection(SolutionProperties) = preSolution
		HideSolutionNode = FALSE
	EndGlobalSection
	GlobalSection(ExtensibilityGlobals) = postSolution
		SolutionGuid = {D3E434A5-6ED4-4A10-B604-9A08D262C051}
	EndGlobalSection
EndGlobal
